
Microsoft Visual Studio Solution File, Format Version 12.00
# Visual Studio Version 16
VisualStudioVersion = 16.0.30309.148
MinimumVisualStudioVersion = 10.0.40219.1
Project("{FAE04EC0-301F-11D3-BF4B-00C04F79EFBC}") = "part 2 VS", "part 2 VS\part 2 VS.csproj", "{14DE1E7F-15FC-43BA-B731-08E2F9DAB1D5}"
EndProject
Global
	GlobalSection(SolutionConfigurationPlatforms) = preSolution
		Debug|Any CPU = Debug|Any CPU
		Release|Any CPU = Release|Any CPU
	EndGlobalSection
	GlobalSection(ProjectConfigurationPlatforms) = postSolution
		{14DE1E7F-15FC-43BA-B731-08E2F9DAB1D5}.Debug|Any CPU.ActiveCfg = Debug|Any CPU
		{14DE1E7F-15FC-43BA-B731-08E2F9DAB1D5}.Debug|Any CPU.Build.0 = Debug|Any CPU
		{14DE1E7F-15FC-43BA-B731-08E2F9DAB1D5}.Release|Any CPU.ActiveCfg = Release|Any CPU
		{14DE1E7F-15FC-43BA-B731-08E2F9DAB1D5}.Release|Any CPU.Build.0 = Release|Any CPU
	EndGlobalSection
	GlobalSection(SolutionProperties) = preSolution
		HideSolutionNode = FALSE
	EndGlobalSection
	GlobalSection(ExtensibilityGlobals) = postSolution
		SolutionGuid = {7A03D184-E447-4E38-BDF7-0C2099B85092}
	EndGlobalSection
EndGlobal
